
Microsoft Visual Studio Solution File, Format Version 12.00
# Visual Studio Version 17
VisualStudioVersion = 17.2.32616.157
MinimumVisualStudioVersion = 10.0.40219.1
Project("{9A19103F-16F7-4668-BE54-9A1E7A4F7556}") = "EjercicioPlagas", "EjercicioPlagas\EjercicioPlagas.csproj", "{E1268D55-592F-46B3-9254-460197EFD0B8}"
EndProject
Project("{9A19103F-16F7-4668-BE54-9A1E7A4F7556}") = "TestDesinfeccion", "TestDesinfeccion\TestDesinfeccion.csproj", "{18DA551B-0BD3-4CC4-8E0B-A8C5BF546AC3}"
EndProject
Project("{9A19103F-16F7-4668-BE54-9A1E7A4F7556}") = "ConsolaPesticidas", "ConsolaPesticidas\ConsolaPesticidas.csproj", "{EDDC3EAC-C581-442B-9884-0EC4A0161CA3}"
	ProjectSection(ProjectDependencies) = postProject
		{E1268D55-592F-46B3-9254-460197EFD0B8} = {E1268D55-592F-46B3-9254-460197EFD0B8}
	EndProjectSection
EndProject
Global
	GlobalSection(SolutionConfigurationPlatforms) = preSolution
		Debug|Any CPU = Debug|Any CPU
		Release|Any CPU = Release|Any CPU
	EndGlobalSection
	GlobalSection(ProjectConfigurationPlatforms) = postSolution
		{E1268D55-592F-46B3-9254-460197EFD0B8}.Debug|Any CPU.ActiveCfg = Debug|Any CPU
		{E1268D55-592F-46B3-9254-460197EFD0B8}.Debug|Any CPU.Build.0 = Debug|Any CPU
		{E1268D55-592F-46B3-9254-460197EFD0B8}.Release|Any CPU.ActiveCfg = Release|Any CPU
		{E1268D55-592F-46B3-9254-460197EFD0B8}.Release|Any CPU.Build.0 = Release|Any CPU
		{18DA551B-0BD3-4CC4-8E0B-A8C5BF546AC3}.Debug|Any CPU.ActiveCfg = Debug|Any CPU
		{18DA551B-0BD3-4CC4-8E0B-A8C5BF546AC3}.Debug|Any CPU.Build.0 = Debug|Any CPU
		{18DA551B-0BD3-4CC4-8E0B-A8C5BF546AC3}.Release|Any CPU.ActiveCfg = Release|Any CPU
		{18DA551B-0BD3-4CC4-8E0B-A8C5BF546AC3}.Release|Any CPU.Build.0 = Release|Any CPU
		{EDDC3EAC-C581-442B-9884-0EC4A0161CA3}.Debug|Any CPU.ActiveCfg = Debug|Any CPU
		{EDDC3EAC-C581-442B-9884-0EC4A0161CA3}.Debug|Any CPU.Build.0 = Debug|Any CPU
		{EDDC3EAC-C581-442B-9884-0EC4A0161CA3}.Release|Any CPU.ActiveCfg = Release|Any CPU
		{EDDC3EAC-C581-442B-9884-0EC4A0161CA3}.Release|Any CPU.Build.0 = Release|Any CPU
	EndGlobalSection
	GlobalSection(SolutionProperties) = preSolution
		HideSolutionNode = FALSE
	EndGlobalSection
	GlobalSection(ExtensibilityGlobals) = postSolution
		SolutionGuid = {7C5B2253-85E9-4397-9433-CA4097A0BE10}
	EndGlobalSection
EndGlobal
